
Microsoft Visual Studio Solution File, Format Version 12.00
# Visual Studio Version 16
VisualStudioVersion = 16.0.29519.87
MinimumVisualStudioVersion = 10.0.40219.1
Project("{FAE04EC0-301F-11D3-BF4B-00C04F79EFBC}") = "StartUp", "StartUp\StartUp.csproj", "{9996A59B-A06E-4AAD-95B0-7706B87CBFE1}"
EndProject
Project("{FAE04EC0-301F-11D3-BF4B-00C04F79EFBC}") = "RegExControls", "..\RegExControls\RegExControls\RegExControls.csproj", "{D0D52F14-24A2-4C53-A7B9-B5626DC1AF23}"
EndProject
Global
	GlobalSection(SolutionConfigurationPlatforms) = preSolution
		Debug|Any CPU = Debug|Any CPU
		Release|Any CPU = Release|Any CPU
	EndGlobalSection
	GlobalSection(ProjectConfigurationPlatforms) = postSolution
		{9996A59B-A06E-4AAD-95B0-7706B87CBFE1}.Debug|Any CPU.ActiveCfg = Debug|Any CPU
		{9996A59B-A06E-4AAD-95B0-7706B87CBFE1}.Debug|Any CPU.Build.0 = Debug|Any CPU
		{9996A59B-A06E-4AAD-95B0-7706B87CBFE1}.Release|Any CPU.ActiveCfg = Release|Any CPU
		{9996A59B-A06E-4AAD-95B0-7706B87CBFE1}.Release|Any CPU.Build.0 = Release|Any CPU
		{D0D52F14-24A2-4C53-A7B9-B5626DC1AF23}.Debug|Any CPU.ActiveCfg = Debug|Any CPU
		{D0D52F14-24A2-4C53-A7B9-B5626DC1AF23}.Debug|Any CPU.Build.0 = Debug|Any CPU
		{D0D52F14-24A2-4C53-A7B9-B5626DC1AF23}.Release|Any CPU.ActiveCfg = Release|Any CPU
		{D0D52F14-24A2-4C53-A7B9-B5626DC1AF23}.Release|Any CPU.Build.0 = Release|Any CPU
	EndGlobalSection
	GlobalSection(SolutionProperties) = preSolution
		HideSolutionNode = FALSE
	EndGlobalSection
	GlobalSection(ExtensibilityGlobals) = postSolution
		SolutionGuid = {F0536C69-8492-45F2-8BA1-9454A715D300}
	EndGlobalSection
EndGlobal
